
Microsoft Visual Studio Solution File, Format Version 12.00
# Visual Studio Version 17
VisualStudioVersion = 17.11.35303.130
MinimumVisualStudioVersion = 10.0.40219.1
Project("{FAE04EC0-301F-11D3-BF4B-00C04F79EFBC}") = "Roronoa_TXT_RPG", "Roronoa_TXT_RPG\Roronoa_TXT_RPG.csproj", "{3DD20179-6218-4F50-BEB4-80863B7B570D}"
EndProject
Global
	GlobalSection(SolutionConfigurationPlatforms) = preSolution
		Debug|Any CPU = Debug|Any CPU
		Release|Any CPU = Release|Any CPU
	EndGlobalSection
	GlobalSection(ProjectConfigurationPlatforms) = postSolution
		{3DD20179-6218-4F50-BEB4-80863B7B570D}.Debug|Any CPU.ActiveCfg = Debug|Any CPU
		{3DD20179-6218-4F50-BEB4-80863B7B570D}.Debug|Any CPU.Build.0 = Debug|Any CPU
		{3DD20179-6218-4F50-BEB4-80863B7B570D}.Release|Any CPU.ActiveCfg = Release|Any CPU
		{3DD20179-6218-4F50-BEB4-80863B7B570D}.Release|Any CPU.Build.0 = Release|Any CPU
	EndGlobalSection
	GlobalSection(SolutionProperties) = preSolution
		HideSolutionNode = FALSE
	EndGlobalSection
	GlobalSection(ExtensibilityGlobals) = postSolution
		SolutionGuid = {F2C324BF-0DDF-4D7D-8BC4-F70ADC4535F3}
	EndGlobalSection
EndGlobal
